
Microsoft Visual Studio Solution File, Format Version 12.00
# Visual Studio Version 16
VisualStudioVersion = 16.0.28803.202
MinimumVisualStudioVersion = 10.0.40219.1
Project("{9A19103F-16F7-4668-BE54-9A1E7A4F7556}") = "NextMove.Lib", "NextMoveSample\NextMove.Lib.csproj", "{A8518DA4-FCF6-4340-8922-91212B9D1F2F}"
EndProject
Project("{9A19103F-16F7-4668-BE54-9A1E7A4F7556}") = "NextMoveSample.console", "NextMoveSample.console\NextMoveSample.console.csproj", "{4C329E7E-97A9-44AD-98A2-D6EECC8BAA77}"
EndProject
Project("{9A19103F-16F7-4668-BE54-9A1E7A4F7556}") = "NextMove.Lib.Tests", "NextMove.Lib.Tests\NextMove.Lib.Tests.csproj", "{64682595-5D52-48EC-BDC7-640FB76B5E77}"
EndProject
Project("{9A19103F-16F7-4668-BE54-9A1E7A4F7556}") = "NextMoveSample.Wpf", "NextMoveSample.Wpf\NextMoveSample.Wpf.csproj", "{8C6B3C30-5F39-471C-A17A-4C8A645F646B}"
EndProject
Project("{FAE04EC0-301F-11D3-BF4B-00C04F79EFBC}") = "NextMove.Wpf.Tests", "NextMove.Wpf.Tests\NextMove.Wpf.Tests.csproj", "{1ED44821-EDB8-4694-8639-483623C2FF1D}"
EndProject
Global
	GlobalSection(SolutionConfigurationPlatforms) = preSolution
		Debug|Any CPU = Debug|Any CPU
		Release|Any CPU = Release|Any CPU
	EndGlobalSection
	GlobalSection(ProjectConfigurationPlatforms) = postSolution
		{A8518DA4-FCF6-4340-8922-91212B9D1F2F}.Debug|Any CPU.ActiveCfg = Debug|Any CPU
		{A8518DA4-FCF6-4340-8922-91212B9D1F2F}.Debug|Any CPU.Build.0 = Debug|Any CPU
		{A8518DA4-FCF6-4340-8922-91212B9D1F2F}.Release|Any CPU.ActiveCfg = Release|Any CPU
		{A8518DA4-FCF6-4340-8922-91212B9D1F2F}.Release|Any CPU.Build.0 = Release|Any CPU
		{4C329E7E-97A9-44AD-98A2-D6EECC8BAA77}.Debug|Any CPU.ActiveCfg = Debug|Any CPU
		{4C329E7E-97A9-44AD-98A2-D6EECC8BAA77}.Debug|Any CPU.Build.0 = Debug|Any CPU
		{4C329E7E-97A9-44AD-98A2-D6EECC8BAA77}.Release|Any CPU.ActiveCfg = Release|Any CPU
		{4C329E7E-97A9-44AD-98A2-D6EECC8BAA77}.Release|Any CPU.Build.0 = Release|Any CPU
		{64682595-5D52-48EC-BDC7-640FB76B5E77}.Debug|Any CPU.ActiveCfg = Debug|Any CPU
		{64682595-5D52-48EC-BDC7-640FB76B5E77}.Debug|Any CPU.Build.0 = Debug|Any CPU
		{64682595-5D52-48EC-BDC7-640FB76B5E77}.Release|Any CPU.ActiveCfg = Release|Any CPU
		{64682595-5D52-48EC-BDC7-640FB76B5E77}.Release|Any CPU.Build.0 = Release|Any CPU
		{8C6B3C30-5F39-471C-A17A-4C8A645F646B}.Debug|Any CPU.ActiveCfg = Debug|Any CPU
		{8C6B3C30-5F39-471C-A17A-4C8A645F646B}.Debug|Any CPU.Build.0 = Debug|Any CPU
		{8C6B3C30-5F39-471C-A17A-4C8A645F646B}.Release|Any CPU.ActiveCfg = Release|Any CPU
		{8C6B3C30-5F39-471C-A17A-4C8A645F646B}.Release|Any CPU.Build.0 = Release|Any CPU
		{1ED44821-EDB8-4694-8639-483623C2FF1D}.Debug|Any CPU.ActiveCfg = Debug|Any CPU
		{1ED44821-EDB8-4694-8639-483623C2FF1D}.Debug|Any CPU.Build.0 = Debug|Any CPU
		{1ED44821-EDB8-4694-8639-483623C2FF1D}.Release|Any CPU.ActiveCfg = Release|Any CPU
		{1ED44821-EDB8-4694-8639-483623C2FF1D}.Release|Any CPU.Build.0 = Release|Any CPU
	EndGlobalSection
	GlobalSection(SolutionProperties) = preSolution
		HideSolutionNode = FALSE
	EndGlobalSection
	GlobalSection(ExtensibilityGlobals) = postSolution
		SolutionGuid = {EFB95F03-A4CA-4439-BC75-5E5A2FDDB9D3}
	EndGlobalSection
EndGlobal
